
Microsoft Visual Studio Solution File, Format Version 12.00
# Visual Studio Version 17
VisualStudioVersion = 17.9.34728.123
MinimumVisualStudioVersion = 10.0.40219.1
Project("{FAE04EC0-301F-11D3-BF4B-00C04F79EFBC}") = "Project-site", "Project-site.csproj", "{1643C116-8227-4AA5-A819-ECE51230CD01}"
EndProject
Global
	GlobalSection(SolutionConfigurationPlatforms) = preSolution
		Debug|Any CPU = Debug|Any CPU
		Release|Any CPU = Release|Any CPU
	EndGlobalSection
	GlobalSection(ProjectConfigurationPlatforms) = postSolution
		{1643C116-8227-4AA5-A819-ECE51230CD01}.Debug|Any CPU.ActiveCfg = Debug|Any CPU
		{1643C116-8227-4AA5-A819-ECE51230CD01}.Debug|Any CPU.Build.0 = Debug|Any CPU
		{1643C116-8227-4AA5-A819-ECE51230CD01}.Release|Any CPU.ActiveCfg = Release|Any CPU
		{1643C116-8227-4AA5-A819-ECE51230CD01}.Release|Any CPU.Build.0 = Release|Any CPU
	EndGlobalSection
	GlobalSection(SolutionProperties) = preSolution
		HideSolutionNode = FALSE
	EndGlobalSection
	GlobalSection(ExtensibilityGlobals) = postSolution
		SolutionGuid = {1FBC5300-08BD-49D2-B00C-0F7F9B34987A}
	EndGlobalSection
EndGlobal
